
Microsoft Visual Studio Solution File, Format Version 12.00
# Visual Studio Version 16
VisualStudioVersion = 16.0.29806.167
MinimumVisualStudioVersion = 10.0.40219.1
Project("{8BC9CEB8-8B4A-11D0-8D11-00A0C91BC942}") = "shyll", "shyll\shyll.vcxproj", "{059C58D4-5165-4B55-8F4A-400D377A6622}"
EndProject
Global
	GlobalSection(SolutionConfigurationPlatforms) = preSolution
		Debug|x64 = Debug|x64
		Debug|x86 = Debug|x86
		DebugER|x64 = DebugER|x64
		DebugER|x86 = DebugER|x86
		Release|x64 = Release|x64
		Release|x86 = Release|x86
		ReleaseER|x64 = ReleaseER|x64
		ReleaseER|x86 = ReleaseER|x86
	EndGlobalSection
	GlobalSection(ProjectConfigurationPlatforms) = postSolution
		{059C58D4-5165-4B55-8F4A-400D377A6622}.Debug|x64.ActiveCfg = Debug|x64
		{059C58D4-5165-4B55-8F4A-400D377A6622}.Debug|x64.Build.0 = Debug|x64
		{059C58D4-5165-4B55-8F4A-400D377A6622}.Debug|x86.ActiveCfg = Debug|Win32
		{059C58D4-5165-4B55-8F4A-400D377A6622}.Debug|x86.Build.0 = Debug|Win32
		{059C58D4-5165-4B55-8F4A-400D377A6622}.DebugER|x64.ActiveCfg = DebugER|x64
		{059C58D4-5165-4B55-8F4A-400D377A6622}.DebugER|x64.Build.0 = DebugER|x64
		{059C58D4-5165-4B55-8F4A-400D377A6622}.DebugER|x86.ActiveCfg = DebugER|Win32
		{059C58D4-5165-4B55-8F4A-400D377A6622}.DebugER|x86.Build.0 = DebugER|Win32
		{059C58D4-5165-4B55-8F4A-400D377A6622}.Release|x64.ActiveCfg = Release|x64
		{059C58D4-5165-4B55-8F4A-400D377A6622}.Release|x64.Build.0 = Release|x64
		{059C58D4-5165-4B55-8F4A-400D377A6622}.Release|x86.ActiveCfg = Release|Win32
		{059C58D4-5165-4B55-8F4A-400D377A6622}.Release|x86.Build.0 = Release|Win32
		{059C58D4-5165-4B55-8F4A-400D377A6622}.ReleaseER|x64.ActiveCfg = ReleaseER|x64
		{059C58D4-5165-4B55-8F4A-400D377A6622}.ReleaseER|x64.Build.0 = ReleaseER|x64
		{059C58D4-5165-4B55-8F4A-400D377A6622}.ReleaseER|x86.ActiveCfg = ReleaseER|Win32
		{059C58D4-5165-4B55-8F4A-400D377A6622}.ReleaseER|x86.Build.0 = ReleaseER|Win32
	EndGlobalSection
	GlobalSection(SolutionProperties) = preSolution
		HideSolutionNode = FALSE
	EndGlobalSection
	GlobalSection(ExtensibilityGlobals) = postSolution
		SolutionGuid = {89C24D7B-DD01-40F3-B364-2304285B9A3E}
	EndGlobalSection
EndGlobal
